{
  "name": "practice-frontend-site",
  "version": "1.0.0",
  "lockfileVersion": 1,
  "requires": true,
  "dependencies": {
    "@fortawesome/fontawesome-free": {
      "version": "5.13.1",
      "resolved": "https://registry.npmjs.org/@fortawesome/fontawesome-free/-/fontawesome-free-5.13.1.tgz",
      "integrity": "sha512-D819f34FLHeBN/4xvw0HR0u7U2G7RqjPSggXqf7LktsxWQ48VAfGwvMrhcVuaZV2fF069c/619RdgCCms0DHhw=="
    },
    "bootstrap": {
      "version": "3.4.1",
      "resolved": "https://registry.npmjs.org/bootstrap/-/bootstrap-3.4.1.tgz",
      "integrity": "sha512-yN5oZVmRCwe5aKwzRj6736nSmKDX7pLYwsXiCj/EYmo16hODaBiT4En5btW/jhBF/seV+XMx3aYwukYC3A49DA=="
    },
    "bootstrap-icons": {
      "version": "1.0.0-alpha5",
      "resolved": "https://registry.npmjs.org/bootstrap-icons/-/bootstrap-icons-1.0.0-alpha5.tgz",
      "integrity": "sha512-sQp4UESHOpN7UlkEUJmY4G8gmU4beTCv24azmOtN1vMSWTOuUZttB0269RD93JIjd4KmWb93MJaXjC6cAV5jiQ=="
    },
    "bootstrap-social": {
      "version": "5.1.1",
      "resolved": "https://registry.npmjs.org/bootstrap-social/-/bootstrap-social-5.1.1.tgz",
      "integrity": "sha1-dTDGeK31bPj60/qCwp1NPl0CdQE=",
      "requires": {
        "bootstrap": "~3",
        "font-awesome": "~4.7"
      }
    },
    "font-awesome": {
      "version": "4.7.0",
      "resolved": "https://registry.npmjs.org/font-awesome/-/font-awesome-4.7.0.tgz",
      "integrity": "sha1-j6jPBBGhoxr9B7BtKQK7n8gVoTM="
    }
  }
}
